// !$*UTF8*$!
{
	archiveVersion = 1;
	classes = {
	};
	objectVersion = 46;
	objects = {

/* Begin PBXBuildFile section */
		844A2B27149AF18A00AF1E00 /* UIKit.framework in Frameworks */ = {isa = PBXBuildFile; fileRef = 844A2B26149AF18A00AF1E00 /* UIKit.framework */; };
		844A2B29149AF18A00AF1E00 /* Foundation.framework in Frameworks */ = {isa = PBXBuildFile; fileRef = 844A2B28149AF18A00AF1E00 /* Foundation.framework */; };
		844A2B2B149AF18A00AF1E00 /* CoreGraphics.framework in Frameworks */ = {isa = PBXBuildFile; fileRef = 844A2B2A149AF18A00AF1E00 /* CoreGraphics.framework */; };
		844A2B31149AF18A00AF1E00 /* InfoPlist.strings in Resources */ = {isa = PBXBuildFile; fileRef = 844A2B2F149AF18A00AF1E00 /* InfoPlist.strings */; };
		844A2B33149AF18A00AF1E00 /* main.m in Sources */ = {isa = PBXBuildFile; fileRef = 844A2B32149AF18A00AF1E00 /* main.m */; };
		844A2B37149AF18A00AF1E00 /* AppDelegate.m in Sources */ = {isa = PBXBuildFile; fileRef = 844A2B36149AF18A00AF1E00 /* AppDelegate.m */; };
		844A2B3A149AF18A00AF1E00 /* MainStoryboard_iPhone.storyboard in Resources */ = {isa = PBXBuildFile; fileRef = 844A2B38149AF18A00AF1E00 /* MainStoryboard_iPhone.storyboard */; };
		844A2B3D149AF18A00AF1E00 /* MainStoryboard_iPad.storyboard in Resources */ = {isa = PBXBuildFile; fileRef = 844A2B3B149AF18A00AF1E00 /* MainStoryboard_iPad.storyboard */; };
		844A2B40149AF18A00AF1E00 /* MainViewController.m in Sources */ = {isa = PBXBuildFile; fileRef = 844A2B3F149AF18A00AF1E00 /* MainViewController.m */; };
		844A2B43149AF18A00AF1E00 /* FlipsideViewController.m in Sources */ = {isa = PBXBuildFile; fileRef = 844A2B42149AF18A00AF1E00 /* FlipsideViewController.m */; };
/* End PBXBuildFile section */

/* Begin PBXFileReference section */
		844A2B22149AF18A00AF1E00 /* tundra.app */ = {isa = PBXFileReference; explicitFileType = wrapper.application; includeInIndex = 0; path = tundra.app; sourceTree = BUILT_PRODUCTS_DIR; };
		844A2B26149AF18A00AF1E00 /* UIKit.framework */ = {isa = PBXFileReference; lastKnownFileType = wrapper.framework; name = UIKit.framework; path = System/Library/Frameworks/UIKit.framework; sourceTree = SDKROOT; };
		844A2B28149AF18A00AF1E00 /* Foundation.framework */ = {isa = PBXFileReference; lastKnownFileType = wrapper.framework; name = Foundation.framework; path = System/Library/Frameworks/Foundation.framework; sourceTree = SDKROOT; };
		844A2B2A149AF18A00AF1E00 /* CoreGraphics.framework */ = {isa = PBXFileReference; lastKnownFileType = wrapper.framework; name = CoreGraphics.framework; path = System/Library/Frameworks/CoreGraphics.framework; sourceTree = SDKROOT; };
		844A2B2E149AF18A00AF1E00 /* tundra-Info.plist */ = {isa = PBXFileReference; lastKnownFileType = text.plist.xml; path = "tundra-Info.plist"; sourceTree = "<group>"; };
		844A2B30149AF18A00AF1E00 /* en */ = {isa = PBXFileReference; lastKnownFileType = text.plist.strings; name = en; path = en.lproj/InfoPlist.strings; sourceTree = "<group>"; };
		844A2B32149AF18A00AF1E00 /* main.m */ = {isa = PBXFileReference; lastKnownFileType = sourcecode.c.objc; path = main.m; sourceTree = "<group>"; };
		844A2B34149AF18A00AF1E00 /* tundra-Prefix.pch */ = {isa = PBXFileReference; lastKnownFileType = sourcecode.c.h; path = "tundra-Prefix.pch"; sourceTree = "<group>"; };
		844A2B35149AF18A00AF1E00 /* AppDelegate.h */ = {isa = PBXFileReference; lastKnownFileType = sourcecode.c.h; path = AppDelegate.h; sourceTree = "<group>"; };
		844A2B36149AF18A00AF1E00 /* AppDelegate.m */ = {isa = PBXFileReference; lastKnownFileType = sourcecode.c.objc; path = AppDelegate.m; sourceTree = "<group>"; };
		844A2B39149AF18A00AF1E00 /* en */ = {isa = PBXFileReference; lastKnownFileType = file.storyboard; name = en; path = en.lproj/MainStoryboard_iPhone.storyboard; sourceTree = "<group>"; };
		844A2B3C149AF18A00AF1E00 /* en */ = {isa = PBXFileReference; lastKnownFileType = file.storyboard; name = en; path = en.lproj/MainStoryboard_iPad.storyboard; sourceTree = "<group>"; };
		844A2B3E149AF18A00AF1E00 /* MainViewController.h */ = {isa = PBXFileReference; lastKnownFileType = sourcecode.c.h; path = MainViewController.h; sourceTree = "<group>"; };
		844A2B3F149AF18A00AF1E00 /* MainViewController.m */ = {isa = PBXFileReference; lastKnownFileType = sourcecode.c.objc; path = MainViewController.m; sourceTree = "<group>"; };
		844A2B41149AF18A00AF1E00 /* FlipsideViewController.h */ = {isa = PBXFileReference; lastKnownFileType = sourcecode.c.h; path = FlipsideViewController.h; sourceTree = "<group>"; };
		844A2B42149AF18A00AF1E00 /* FlipsideViewController.m */ = {isa = PBXFileReference; lastKnownFileType = sourcecode.c.objc; path = FlipsideViewController.m; sourceTree = "<group>"; };
/* End PBXFileReference section */

/* Begin PBXFrameworksBuildPhase section */
		844A2B1F149AF18A00AF1E00 /* Frameworks */ = {
			isa = PBXFrameworksBuildPhase;
			buildActionMask = 2147483647;
			files = (
				844A2B27149AF18A00AF1E00 /* UIKit.framework in Frameworks */,
				844A2B29149AF18A00AF1E00 /* Foundation.framework in Frameworks */,
				844A2B2B149AF18A00AF1E00 /* CoreGraphics.framework in Frameworks */,
			);
			runOnlyForDeploymentPostprocessing = 0;
		};
/* End PBXFrameworksBuildPhase section */

/* Begin PBXGroup section */
		844A2B17149AF18A00AF1E00 = {
			isa = PBXGroup;
			children = (
				844A2B2C149AF18A00AF1E00 /* tundra */,
				844A2B25149AF18A00AF1E00 /* Frameworks */,
				844A2B23149AF18A00AF1E00 /* Products */,
			);
			sourceTree = "<group>";
		};
		844A2B23149AF18A00AF1E00 /* Products */ = {
			isa = PBXGroup;
			children = (
				844A2B22149AF18A00AF1E00 /* tundra.app */,
			);
			name = Products;
			sourceTree = "<group>";
		};
		844A2B25149AF18A00AF1E00 /* Frameworks */ = {
			isa = PBXGroup;
			children = (
				844A2B26149AF18A00AF1E00 /* UIKit.framework */,
				844A2B28149AF18A00AF1E00 /* Foundation.framework */,
				844A2B2A149AF18A00AF1E00 /* CoreGraphics.framework */,
			);
			name = Frameworks;
			sourceTree = "<group>";
		};
		844A2B2C149AF18A00AF1E00 /* tundra */ = {
			isa = PBXGroup;
			children = (
				844A2B35149AF18A00AF1E00 /* AppDelegate.h */,
				844A2B36149AF18A00AF1E00 /* AppDelegate.m */,
				844A2B38149AF18A00AF1E00 /* MainStoryboard_iPhone.storyboard */,
				844A2B3B149AF18A00AF1E00 /* MainStoryboard_iPad.storyboard */,
				844A2B3E149AF18A00AF1E00 /* MainViewController.h */,
				844A2B3F149AF18A00AF1E00 /* MainViewController.m */,
				844A2B41149AF18A00AF1E00 /* FlipsideViewController.h */,
				844A2B42149AF18A00AF1E00 /* FlipsideViewController.m */,
				844A2B2D149AF18A00AF1E00 /* Supporting Files */,
			);
			path = tundra;
			sourceTree = "<group>";
		};
		844A2B2D149AF18A00AF1E00 /* Supporting Files */ = {
			isa = PBXGroup;
			children = (
				844A2B2E149AF18A00AF1E00 /* tundra-Info.plist */,
				844A2B2F149AF18A00AF1E00 /* InfoPlist.strings */,
				844A2B32149AF18A00AF1E00 /* main.m */,
				844A2B34149AF18A00AF1E00 /* tundra-Prefix.pch */,
			);
			name = "Supporting Files";
			sourceTree = "<group>";
		};
/* End PBXGroup section */

/* Begin PBXNativeTarget section */
		844A2B21149AF18A00AF1E00 /* tundra */ = {
			isa = PBXNativeTarget;
			buildConfigurationList = 844A2B46149AF18A00AF1E00 /* Build configuration list for PBXNativeTarget "tundra" */;
			buildPhases = (
				844A2B1E149AF18A00AF1E00 /* Sources */,
				844A2B1F149AF18A00AF1E00 /* Frameworks */,
				844A2B20149AF18A00AF1E00 /* Resources */,
			);
			buildRules = (
			);
			dependencies = (
			);
			name = tundra;
			productName = tundra;
			productReference = 844A2B22149AF18A00AF1E00 /* tundra.app */;
			productType = "com.apple.product-type.application";
		};
/* End PBXNativeTarget section */

/* Begin PBXProject section */
		844A2B19149AF18A00AF1E00 /* Project object */ = {
			isa = PBXProject;
			attributes = {
				LastUpgradeCheck = 0420;
				ORGANIZATIONNAME = 734m;
			};
			buildConfigurationList = 844A2B1C149AF18A00AF1E00 /* Build configuration list for PBXProject "tundra" */;
			compatibilityVersion = "Xcode 3.2";
			developmentRegion = English;
			hasScannedForEncodings = 0;
			knownRegions = (
				en,
			);
			mainGroup = 844A2B17149AF18A00AF1E00;
			productRefGroup = 844A2B23149AF18A00AF1E00 /* Products */;
			projectDirPath = "";
			projectRoot = "";
			targets = (
				844A2B21149AF18A00AF1E00 /* tundra */,
			);
		};
/* End PBXProject section */

/* Begin PBXResourcesBuildPhase section */
		844A2B20149AF18A00AF1E00 /* Resources */ = {
			isa = PBXResourcesBuildPhase;
			buildActionMask = 2147483647;
			files = (
				844A2B31149AF18A00AF1E00 /* InfoPlist.strings in Resources */,
				844A2B3A149AF18A00AF1E00 /* MainStoryboard_iPhone.storyboard in Resources */,
				844A2B3D149AF18A00AF1E00 /* MainStoryboard_iPad.storyboard in Resources */,
			);
			runOnlyForDeploymentPostprocessing = 0;
		};
/* End PBXResourcesBuildPhase section */

/* Begin PBXSourcesBuildPhase section */
		844A2B1E149AF18A00AF1E00 /* Sources */ = {
			isa = PBXSourcesBuildPhase;
			buildActionMask = 2147483647;
			files = (
				844A2B33149AF18A00AF1E00 /* main.m in Sources */,
				844A2B37149AF18A00AF1E00 /* AppDelegate.m in Sources */,
				844A2B40149AF18A00AF1E00 /* MainViewController.m in Sources */,
				844A2B43149AF18A00AF1E00 /* FlipsideViewController.m in Sources */,
			);
			runOnlyForDeploymentPostprocessing = 0;
		};
/* End PBXSourcesBuildPhase section */

/* Begin PBXVariantGroup section */
		844A2B2F149AF18A00AF1E00 /* InfoPlist.strings */ = {
			isa = PBXVariantGroup;
			children = (
				844A2B30149AF18A00AF1E00 /* en */,
			);
			name = InfoPlist.strings;
			sourceTree = "<group>";
		};
		844A2B38149AF18A00AF1E00 /* MainStoryboard_iPhone.storyboard */ = {
			isa = PBXVariantGroup;
			children = (
				844A2B39149AF18A00AF1E00 /* en */,
			);
			name = MainStoryboard_iPhone.storyboard;
			sourceTree = "<group>";
		};
		844A2B3B149AF18A00AF1E00 /* MainStoryboard_iPad.storyboard */ = {
			isa = PBXVariantGroup;
			children = (
				844A2B3C149AF18A00AF1E00 /* en */,
			);
			name = MainStoryboard_iPad.storyboard;
			sourceTree = "<group>";
		};
/* End PBXVariantGroup section */

/* Begin XCBuildConfiguration section */
		844A2B44149AF18A00AF1E00 /* Debug */ = {
			isa = XCBuildConfiguration;
			buildSettings = {
				ALWAYS_SEARCH_USER_PATHS = NO;
				ARCHS = "$(ARCHS_STANDARD_32_BIT)";
				CLANG_ENABLE_OBJC_ARC = YES;
				"CODE_SIGN_IDENTITY[sdk=iphoneos*]" = "iPhone Developer";
				COPY_PHASE_STRIP = NO;
				GCC_C_LANGUAGE_STANDARD = gnu99;
				GCC_DYNAMIC_NO_PIC = NO;
				GCC_OPTIMIZATION_LEVEL = 0;
				GCC_PREPROCESSOR_DEFINITIONS = (
					"DEBUG=1",
					"$(inherited)",
				);
				GCC_SYMBOLS_PRIVATE_EXTERN = NO;
				GCC_VERSION = com.apple.compilers.llvm.clang.1_0;
				GCC_WARN_ABOUT_MISSING_PROTOTYPES = YES;
				GCC_WARN_ABOUT_RETURN_TYPE = YES;
				GCC_WARN_UNUSED_VARIABLE = YES;
				IPHONEOS_DEPLOYMENT_TARGET = 5.0;
				SDKROOT = iphoneos;
				TARGETED_DEVICE_FAMILY = "1,2";
			};
			name = Debug;
		};
		844A2B45149AF18A00AF1E00 /* Release */ = {
			isa = XCBuildConfiguration;
			buildSettings = {
				ALWAYS_SEARCH_USER_PATHS = NO;
				ARCHS = "$(ARCHS_STANDARD_32_BIT)";
				CLANG_ENABLE_OBJC_ARC = YES;
				"CODE_SIGN_IDENTITY[sdk=iphoneos*]" = "iPhone Developer";
				COPY_PHASE_STRIP = YES;
				GCC_C_LANGUAGE_STANDARD = gnu99;
				GCC_VERSION = com.apple.compilers.llvm.clang.1_0;
				GCC_WARN_ABOUT_MISSING_PROTOTYPES = YES;
				GCC_WARN_ABOUT_RETURN_TYPE = YES;
				GCC_WARN_UNUSED_VARIABLE = YES;
				IPHONEOS_DEPLOYMENT_TARGET = 5.0;
				OTHER_CFLAGS = "-DNS_BLOCK_ASSERTIONS=1";
				SDKROOT = iphoneos;
				TARGETED_DEVICE_FAMILY = "1,2";
				VALIDATE_PRODUCT = YES;
			};
			name = Release;
		};
		844A2B47149AF18A00AF1E00 /* Debug */ = {
			isa = XCBuildConfiguration;
			buildSettings = {
				GCC_PRECOMPILE_PREFIX_HEADER = YES;
				GCC_PREFIX_HEADER = "tundra/tundra-Prefix.pch";
				INFOPLIST_FILE = "tundra/tundra-Info.plist";
				PRODUCT_NAME = "$(TARGET_NAME)";
				WRAPPER_EXTENSION = app;
			};
			name = Debug;
		};
		844A2B48149AF18A00AF1E00 /* Release */ = {
			isa = XCBuildConfiguration;
			buildSettings = {
				GCC_PRECOMPILE_PREFIX_HEADER = YES;
				GCC_PREFIX_HEADER = "tundra/tundra-Prefix.pch";
				INFOPLIST_FILE = "tundra/tundra-Info.plist";
				PRODUCT_NAME = "$(TARGET_NAME)";
				WRAPPER_EXTENSION = app;
			};
			name = Release;
		};
/* End XCBuildConfiguration section */

/* Begin XCConfigurationList section */
		844A2B1C149AF18A00AF1E00 /* Build configuration list for PBXProject "tundra" */ = {
			isa = XCConfigurationList;
			buildConfigurations = (
				844A2B44149AF18A00AF1E00 /* Debug */,
				844A2B45149AF18A00AF1E00 /* Release */,
			);
			defaultConfigurationIsVisible = 0;
			defaultConfigurationName = Release;
		};
		844A2B46149AF18A00AF1E00 /* Build configuration list for PBXNativeTarget "tundra" */ = {
			isa = XCConfigurationList;
			buildConfigurations = (
				844A2B47149AF18A00AF1E00 /* Debug */,
				844A2B48149AF18A00AF1E00 /* Release */,
			);
			defaultConfigurationIsVisible = 0;
			defaultConfigurationName = Release;
		};
/* End XCConfigurationList section */
	};
	rootObject = 844A2B19149AF18A00AF1E00 /* Project object */;
}
